
Microsoft Visual Studio Solution File, Format Version 12.00
# Visual Studio Version 17
VisualStudioVersion = 17.14.36414.22
MinimumVisualStudioVersion = 10.0.40219.1
Project("{FAE04EC0-301F-11D3-BF4B-00C04F79EFBC}") = "ToyBoxx", "ToyBoxx\ToyBoxx.csproj", "{49D4E1BF-352F-4F26-A222-B512D080A453}"
EndProject
Project("{2150E333-8FDC-42A3-9474-1A3956D46DE8}") = "ソリューション項目", "ソリューション項目", "{2022CB0F-8BAF-F49E-0C48-8EF4C96EC109}"
	ProjectSection(SolutionItems) = preProject
		LICENSE = LICENSE
		README.md = README.md
		requirements.ps1 = requirements.ps1
	EndProjectSection
EndProject
Global
	GlobalSection(SolutionConfigurationPlatforms) = preSolution
		Debug|Any CPU = Debug|Any CPU
		Release|Any CPU = Release|Any CPU
	EndGlobalSection
	GlobalSection(ProjectConfigurationPlatforms) = postSolution
		{49D4E1BF-352F-4F26-A222-B512D080A453}.Debug|Any CPU.ActiveCfg = Debug|Any CPU
		{49D4E1BF-352F-4F26-A222-B512D080A453}.Debug|Any CPU.Build.0 = Debug|Any CPU
		{49D4E1BF-352F-4F26-A222-B512D080A453}.Release|Any CPU.ActiveCfg = Release|Any CPU
		{49D4E1BF-352F-4F26-A222-B512D080A453}.Release|Any CPU.Build.0 = Release|Any CPU
	EndGlobalSection
	GlobalSection(SolutionProperties) = preSolution
		HideSolutionNode = FALSE
	EndGlobalSection
	GlobalSection(ExtensibilityGlobals) = postSolution
		SolutionGuid = {85029490-6BF0-41D3-B3ED-0EB8A1421335}
	EndGlobalSection
EndGlobal
